
Microsoft Visual Studio Solution File, Format Version 12.00
# Visual Studio Version 17
VisualStudioVersion = 17.11.35327.3
MinimumVisualStudioVersion = 10.0.40219.1
Project("{FAE04EC0-301F-11D3-BF4B-00C04F79EFBC}") = "PE2.CycleRentApp.Prb", "PE2.CycleRentApp.Prb\PE2.CycleRentApp.Prb.csproj", "{B18FE730-3B21-4C43-AFDE-78F07BC88EF4}"
EndProject
Global
	GlobalSection(SolutionConfigurationPlatforms) = preSolution
		Debug|Any CPU = Debug|Any CPU
		Release|Any CPU = Release|Any CPU
	EndGlobalSection
	GlobalSection(ProjectConfigurationPlatforms) = postSolution
		{B18FE730-3B21-4C43-AFDE-78F07BC88EF4}.Debug|Any CPU.ActiveCfg = Debug|Any CPU
		{B18FE730-3B21-4C43-AFDE-78F07BC88EF4}.Debug|Any CPU.Build.0 = Debug|Any CPU
		{B18FE730-3B21-4C43-AFDE-78F07BC88EF4}.Release|Any CPU.ActiveCfg = Release|Any CPU
		{B18FE730-3B21-4C43-AFDE-78F07BC88EF4}.Release|Any CPU.Build.0 = Release|Any CPU
	EndGlobalSection
	GlobalSection(SolutionProperties) = preSolution
		HideSolutionNode = FALSE
	EndGlobalSection
	GlobalSection(ExtensibilityGlobals) = postSolution
		SolutionGuid = {0A77F478-E27B-41EF-BB2C-91EEC5EB4A9A}
	EndGlobalSection
EndGlobal
